
Microsoft Visual Studio Solution File, Format Version 12.00
# Visual Studio Version 17
VisualStudioVersion = 17.5.002.0
MinimumVisualStudioVersion = 10.0.40219.1
Project("{2150E333-8FDC-42A3-9474-1A3956D46DE8}") = "bootcamp_xp", "bootcamp_xp", "{794809F5-8801-4BDA-9B2F-431C8336C834}"
EndProject
Project("{2150E333-8FDC-42A3-9474-1A3956D46DE8}") = "trilha-net-fundamentos-desafio", "trilha-net-fundamentos-desafio", "{50CAE419-8152-4AF0-973A-169A7C37C820}"
EndProject
Project("{9A19103F-16F7-4668-BE54-9A1E7A4F7556}") = "DesafioFundamentos", "bootcamp_xp\trilha-net-fundamentos-desafio\DesafioFundamentos\DesafioFundamentos.csproj", "{7A08340F-B405-4850-A3A6-389C7AE3711D}"
EndProject
Global
	GlobalSection(SolutionConfigurationPlatforms) = preSolution
		Debug|Any CPU = Debug|Any CPU
		Release|Any CPU = Release|Any CPU
	EndGlobalSection
	GlobalSection(ProjectConfigurationPlatforms) = postSolution
		{7A08340F-B405-4850-A3A6-389C7AE3711D}.Debug|Any CPU.ActiveCfg = Debug|Any CPU
		{7A08340F-B405-4850-A3A6-389C7AE3711D}.Debug|Any CPU.Build.0 = Debug|Any CPU
		{7A08340F-B405-4850-A3A6-389C7AE3711D}.Release|Any CPU.ActiveCfg = Release|Any CPU
		{7A08340F-B405-4850-A3A6-389C7AE3711D}.Release|Any CPU.Build.0 = Release|Any CPU
	EndGlobalSection
	GlobalSection(SolutionProperties) = preSolution
		HideSolutionNode = FALSE
	EndGlobalSection
	GlobalSection(NestedProjects) = preSolution
		{50CAE419-8152-4AF0-973A-169A7C37C820} = {794809F5-8801-4BDA-9B2F-431C8336C834}
		{7A08340F-B405-4850-A3A6-389C7AE3711D} = {50CAE419-8152-4AF0-973A-169A7C37C820}
	EndGlobalSection
	GlobalSection(ExtensibilityGlobals) = postSolution
		SolutionGuid = {A789E7F9-7E3E-4487-8D3B-F7C9DA3BADF2}
	EndGlobalSection
EndGlobal
